// !$*UTF8*$!
{
	archiveVersion = 1;
	classes = {
	};
	objectVersion = 56;
	objects = {

/* Begin PBXBuildFile section */
		4D22C8082BE0CACF002FCF5A /* AppDelegate.swift in Sources */ = {isa = PBXBuildFile; fileRef = 4D22C8072BE0CACF002FCF5A /* AppDelegate.swift */; };
		4D22C80A2BE0CACF002FCF5A /* SceneDelegate.swift in Sources */ = {isa = PBXBuildFile; fileRef = 4D22C8092BE0CACF002FCF5A /* SceneDelegate.swift */; };
		4D22C80C2BE0CACF002FCF5A /* SearchViewController.swift in Sources */ = {isa = PBXBuildFile; fileRef = 4D22C80B2BE0CACF002FCF5A /* SearchViewController.swift */; };
		4D22C80F2BE0CACF002FCF5A /* Base in Resources */ = {isa = PBXBuildFile; fileRef = 4D22C80E2BE0CACF002FCF5A /* Base */; };
		4D22C8122BE0CACF002FCF5A /* BookSearch.xcdatamodeld in Sources */ = {isa = PBXBuildFile; fileRef = 4D22C8102BE0CACF002FCF5A /* BookSearch.xcdatamodeld */; };
		4D22C8142BE0CAD1002FCF5A /* Assets.xcassets in Resources */ = {isa = PBXBuildFile; fileRef = 4D22C8132BE0CAD1002FCF5A /* Assets.xcassets */; };
		4D22C8172BE0CAD1002FCF5A /* Base in Resources */ = {isa = PBXBuildFile; fileRef = 4D22C8162BE0CAD1002FCF5A /* Base */; };
		4D22C8232BE0CDAF002FCF5A /* MyPageViewController.swift in Sources */ = {isa = PBXBuildFile; fileRef = 4D22C8222BE0CDAF002FCF5A /* MyPageViewController.swift */; };
		4D22C8252BE0CDDD002FCF5A /* NetworkingManager.swift in Sources */ = {isa = PBXBuildFile; fileRef = 4D22C8242BE0CDDD002FCF5A /* NetworkingManager.swift */; };
		4D22C8282BE0D467002FCF5A /* Alamofire in Frameworks */ = {isa = PBXBuildFile; productRef = 4D22C8272BE0D467002FCF5A /* Alamofire */; };
		4D22C82B2BE0D474002FCF5A /* Kingfisher in Frameworks */ = {isa = PBXBuildFile; productRef = 4D22C82A2BE0D474002FCF5A /* Kingfisher */; };
		4D22C82E2BE0D481002FCF5A /* SnapKit in Frameworks */ = {isa = PBXBuildFile; productRef = 4D22C82D2BE0D481002FCF5A /* SnapKit */; };
		4D22C8302BE0D49E002FCF5A /* BookData.swift in Sources */ = {isa = PBXBuildFile; fileRef = 4D22C82F2BE0D49E002FCF5A /* BookData.swift */; };
		4D22C8322BE0DD7F002FCF5A /* RecentlyViewedCollectionViewCell.swift in Sources */ = {isa = PBXBuildFile; fileRef = 4D22C8312BE0DD7F002FCF5A /* RecentlyViewedCollectionViewCell.swift */; };
		4D22C8342BE0DDBE002FCF5A /* BookCollectionViewCell.swift in Sources */ = {isa = PBXBuildFile; fileRef = 4D22C8332BE0DDBE002FCF5A /* BookCollectionViewCell.swift */; };
		4D22C8382BE2463A002FCF5A /* HeaderView.swift in Sources */ = {isa = PBXBuildFile; fileRef = 4D22C8372BE2463A002FCF5A /* HeaderView.swift */; };
		4D89480A2BE5D4D900C9499B /* DetailViewController.swift in Sources */ = {isa = PBXBuildFile; fileRef = 4D8948092BE5D4D900C9499B /* DetailViewController.swift */; };
		4D89480D2BE5FC4500C9499B /* JJFloatingActionButton in Frameworks */ = {isa = PBXBuildFile; productRef = 4D89480C2BE5FC4500C9499B /* JJFloatingActionButton */; };
		4D89480F2BE77C4600C9499B /* MypageTableViewCell.swift in Sources */ = {isa = PBXBuildFile; fileRef = 4D89480E2BE77C4600C9499B /* MypageTableViewCell.swift */; };
		4D8948122BE87E3900C9499B /* Product+CoreDataClass.swift in Sources */ = {isa = PBXBuildFile; fileRef = 4D8948102BE87E3900C9499B /* Product+CoreDataClass.swift */; };
		4D8948132BE87E3900C9499B /* Product+CoreDataProperties.swift in Sources */ = {isa = PBXBuildFile; fileRef = 4D8948112BE87E3900C9499B /* Product+CoreDataProperties.swift */; };
		4D8948152BE87E6F00C9499B /* CoreDataManager.swift in Sources */ = {isa = PBXBuildFile; fileRef = 4D8948142BE87E6F00C9499B /* CoreDataManager.swift */; };
/* End PBXBuildFile section */

/* Begin PBXFileReference section */
		4D22C8042BE0CACF002FCF5A /* BookSearch.app */ = {isa = PBXFileReference; explicitFileType = wrapper.application; includeInIndex = 0; path = BookSearch.app; sourceTree = BUILT_PRODUCTS_DIR; };
		4D22C8072BE0CACF002FCF5A /* AppDelegate.swift */ = {isa = PBXFileReference; lastKnownFileType = sourcecode.swift; path = AppDelegate.swift; sourceTree = "<group>"; };
		4D22C8092BE0CACF002FCF5A /* SceneDelegate.swift */ = {isa = PBXFileReference; lastKnownFileType = sourcecode.swift; path = SceneDelegate.swift; sourceTree = "<group>"; };
		4D22C80B2BE0CACF002FCF5A /* SearchViewController.swift */ = {isa = PBXFileReference; lastKnownFileType = sourcecode.swift; path = SearchViewController.swift; sourceTree = "<group>"; };
		4D22C80E2BE0CACF002FCF5A /* Base */ = {isa = PBXFileReference; lastKnownFileType = file.storyboard; name = Base; path = Base.lproj/Main.storyboard; sourceTree = "<group>"; };
		4D22C8112BE0CACF002FCF5A /* BookSearch.xcdatamodel */ = {isa = PBXFileReference; lastKnownFileType = wrapper.xcdatamodel; path = BookSearch.xcdatamodel; sourceTree = "<group>"; };
		4D22C8132BE0CAD1002FCF5A /* Assets.xcassets */ = {isa = PBXFileReference; lastKnownFileType = folder.assetcatalog; path = Assets.xcassets; sourceTree = "<group>"; };
		4D22C8162BE0CAD1002FCF5A /* Base */ = {isa = PBXFileReference; lastKnownFileType = file.storyboard; name = Base; path = Base.lproj/LaunchScreen.storyboard; sourceTree = "<group>"; };
		4D22C8182BE0CAD1002FCF5A /* Info.plist */ = {isa = PBXFileReference; lastKnownFileType = text.plist.xml; path = Info.plist; sourceTree = "<group>"; };
		4D22C8222BE0CDAF002FCF5A /* MyPageViewController.swift */ = {isa = PBXFileReference; lastKnownFileType = sourcecode.swift; path = MyPageViewController.swift; sourceTree = "<group>"; };
		4D22C8242BE0CDDD002FCF5A /* NetworkingManager.swift */ = {isa = PBXFileReference; lastKnownFileType = sourcecode.swift; path = NetworkingManager.swift; sourceTree = "<group>"; };
		4D22C82F2BE0D49E002FCF5A /* BookData.swift */ = {isa = PBXFileReference; lastKnownFileType = sourcecode.swift; path = BookData.swift; sourceTree = "<group>"; };
		4D22C8312BE0DD7F002FCF5A /* RecentlyViewedCollectionViewCell.swift */ = {isa = PBXFileReference; lastKnownFileType = sourcecode.swift; path = RecentlyViewedCollectionViewCell.swift; sourceTree = "<group>"; };
		4D22C8332BE0DDBE002FCF5A /* BookCollectionViewCell.swift */ = {isa = PBXFileReference; lastKnownFileType = sourcecode.swift; path = BookCollectionViewCell.swift; sourceTree = "<group>"; };
		4D22C8372BE2463A002FCF5A /* HeaderView.swift */ = {isa = PBXFileReference; lastKnownFileType = sourcecode.swift; path = HeaderView.swift; sourceTree = "<group>"; };
		4D8948092BE5D4D900C9499B /* DetailViewController.swift */ = {isa = PBXFileReference; lastKnownFileType = sourcecode.swift; path = DetailViewController.swift; sourceTree = "<group>"; };
		4D89480E2BE77C4600C9499B /* MypageTableViewCell.swift */ = {isa = PBXFileReference; lastKnownFileType = sourcecode.swift; path = MypageTableViewCell.swift; sourceTree = "<group>"; };
		4D8948102BE87E3900C9499B /* Product+CoreDataClass.swift */ = {isa = PBXFileReference; lastKnownFileType = sourcecode.swift; path = "Product+CoreDataClass.swift"; sourceTree = "<group>"; };
		4D8948112BE87E3900C9499B /* Product+CoreDataProperties.swift */ = {isa = PBXFileReference; lastKnownFileType = sourcecode.swift; path = "Product+CoreDataProperties.swift"; sourceTree = "<group>"; };
		4D8948142BE87E6F00C9499B /* CoreDataManager.swift */ = {isa = PBXFileReference; lastKnownFileType = sourcecode.swift; path = CoreDataManager.swift; sourceTree = "<group>"; };
/* End PBXFileReference section */

/* Begin PBXFrameworksBuildPhase section */
		4D22C8012BE0CACF002FCF5A /* Frameworks */ = {
			isa = PBXFrameworksBuildPhase;
			buildActionMask = 2147483647;
			files = (
				4D89480D2BE5FC4500C9499B /* JJFloatingActionButton in Frameworks */,
				4D22C82E2BE0D481002FCF5A /* SnapKit in Frameworks */,
				4D22C82B2BE0D474002FCF5A /* Kingfisher in Frameworks */,
				4D22C8282BE0D467002FCF5A /* Alamofire in Frameworks */,
			);
			runOnlyForDeploymentPostprocessing = 0;
		};
/* End PBXFrameworksBuildPhase section */

/* Begin PBXGroup section */
		4D22C7FB2BE0CACF002FCF5A = {
			isa = PBXGroup;
			children = (
				4D22C8062BE0CACF002FCF5A /* BookSearch */,
				4D22C8052BE0CACF002FCF5A /* Products */,
			);
			sourceTree = "<group>";
		};
		4D22C8052BE0CACF002FCF5A /* Products */ = {
			isa = PBXGroup;
			children = (
				4D22C8042BE0CACF002FCF5A /* BookSearch.app */,
			);
			name = Products;
			sourceTree = "<group>";
		};
		4D22C8062BE0CACF002FCF5A /* BookSearch */ = {
			isa = PBXGroup;
			children = (
				4D22C8072BE0CACF002FCF5A /* AppDelegate.swift */,
				4D22C8092BE0CACF002FCF5A /* SceneDelegate.swift */,
				4D22C8212BE0CAF9002FCF5A /* Networking */,
				4D22C8202BE0CAE2002FCF5A /* Models */,
				4D22C81F2BE0CAE0002FCF5A /* Views */,
				4D22C81E2BE0CADC002FCF5A /* Controllers */,
				4D22C8132BE0CAD1002FCF5A /* Assets.xcassets */,
				4D22C8152BE0CAD1002FCF5A /* LaunchScreen.storyboard */,
				4D22C8182BE0CAD1002FCF5A /* Info.plist */,
				4D22C8102BE0CACF002FCF5A /* BookSearch.xcdatamodeld */,
			);
			path = BookSearch;
			sourceTree = "<group>";
		};
		4D22C81E2BE0CADC002FCF5A /* Controllers */ = {
			isa = PBXGroup;
			children = (
				4D22C80B2BE0CACF002FCF5A /* SearchViewController.swift */,
				4D22C8222BE0CDAF002FCF5A /* MyPageViewController.swift */,
				4D8948092BE5D4D900C9499B /* DetailViewController.swift */,
			);
			path = Controllers;
			sourceTree = "<group>";
		};
		4D22C81F2BE0CAE0002FCF5A /* Views */ = {
			isa = PBXGroup;
			children = (
				4D22C80D2BE0CACF002FCF5A /* Main.storyboard */,
				4D22C8372BE2463A002FCF5A /* HeaderView.swift */,
				4D22C8312BE0DD7F002FCF5A /* RecentlyViewedCollectionViewCell.swift */,
				4D22C8332BE0DDBE002FCF5A /* BookCollectionViewCell.swift */,
				4D89480E2BE77C4600C9499B /* MypageTableViewCell.swift */,
			);
			path = Views;
			sourceTree = "<group>";
		};
		4D22C8202BE0CAE2002FCF5A /* Models */ = {
			isa = PBXGroup;
			children = (
				4D8948112BE87E3900C9499B /* Product+CoreDataProperties.swift */,
				4D8948102BE87E3900C9499B /* Product+CoreDataClass.swift */,
				4D22C82F2BE0D49E002FCF5A /* BookData.swift */,
				4D8948142BE87E6F00C9499B /* CoreDataManager.swift */,
			);
			path = Models;
			sourceTree = "<group>";
		};
		4D22C8212BE0CAF9002FCF5A /* Networking */ = {
			isa = PBXGroup;
			children = (
				4D22C8242BE0CDDD002FCF5A /* NetworkingManager.swift */,
			);
			path = Networking;
			sourceTree = "<group>";
		};
/* End PBXGroup section */

/* Begin PBXNativeTarget section */
		4D22C8032BE0CACF002FCF5A /* BookSearch */ = {
			isa = PBXNativeTarget;
			buildConfigurationList = 4D22C81B2BE0CAD1002FCF5A /* Build configuration list for PBXNativeTarget "BookSearch" */;
			buildPhases = (
				4D22C8002BE0CACF002FCF5A /* Sources */,
				4D22C8012BE0CACF002FCF5A /* Frameworks */,
				4D22C8022BE0CACF002FCF5A /* Resources */,
			);
			buildRules = (
			);
			dependencies = (
			);
			name = BookSearch;
			packageProductDependencies = (
				4D22C8272BE0D467002FCF5A /* Alamofire */,
				4D22C82A2BE0D474002FCF5A /* Kingfisher */,
				4D22C82D2BE0D481002FCF5A /* SnapKit */,
				4D89480C2BE5FC4500C9499B /* JJFloatingActionButton */,
			);
			productName = BookSearch;
			productReference = 4D22C8042BE0CACF002FCF5A /* BookSearch.app */;
			productType = "com.apple.product-type.application";
		};
/* End PBXNativeTarget section */

/* Begin PBXProject section */
		4D22C7FC2BE0CACF002FCF5A /* Project object */ = {
			isa = PBXProject;
			attributes = {
				BuildIndependentTargetsInParallel = 1;
				LastSwiftUpdateCheck = 1530;
				LastUpgradeCheck = 1530;
				TargetAttributes = {
					4D22C8032BE0CACF002FCF5A = {
						CreatedOnToolsVersion = 15.3;
					};
				};
			};
			buildConfigurationList = 4D22C7FF2BE0CACF002FCF5A /* Build configuration list for PBXProject "BookSearch" */;
			compatibilityVersion = "Xcode 14.0";
			developmentRegion = en;
			hasScannedForEncodings = 0;
			knownRegions = (
				en,
				Base,
			);
			mainGroup = 4D22C7FB2BE0CACF002FCF5A;
			packageReferences = (
				4D22C8262BE0D467002FCF5A /* XCRemoteSwiftPackageReference "Alamofire" */,
				4D22C8292BE0D474002FCF5A /* XCRemoteSwiftPackageReference "Kingfisher" */,
				4D22C82C2BE0D481002FCF5A /* XCRemoteSwiftPackageReference "SnapKit" */,
				4D89480B2BE5FC4500C9499B /* XCRemoteSwiftPackageReference "JJFloatingActionButton" */,
			);
			productRefGroup = 4D22C8052BE0CACF002FCF5A /* Products */;
			projectDirPath = "";
			projectRoot = "";
			targets = (
				4D22C8032BE0CACF002FCF5A /* BookSearch */,
			);
		};
/* End PBXProject section */

/* Begin PBXResourcesBuildPhase section */
		4D22C8022BE0CACF002FCF5A /* Resources */ = {
			isa = PBXResourcesBuildPhase;
			buildActionMask = 2147483647;
			files = (
				4D22C8142BE0CAD1002FCF5A /* Assets.xcassets in Resources */,
				4D22C8172BE0CAD1002FCF5A /* Base in Resources */,
				4D22C80F2BE0CACF002FCF5A /* Base in Resources */,
			);
			runOnlyForDeploymentPostprocessing = 0;
		};
/* End PBXResourcesBuildPhase section */

/* Begin PBXSourcesBuildPhase section */
		4D22C8002BE0CACF002FCF5A /* Sources */ = {
			isa = PBXSourcesBuildPhase;
			buildActionMask = 2147483647;
			files = (
				4D89480A2BE5D4D900C9499B /* DetailViewController.swift in Sources */,
				4D8948122BE87E3900C9499B /* Product+CoreDataClass.swift in Sources */,
				4D8948132BE87E3900C9499B /* Product+CoreDataProperties.swift in Sources */,
				4D8948152BE87E6F00C9499B /* CoreDataManager.swift in Sources */,
				4D22C8232BE0CDAF002FCF5A /* MyPageViewController.swift in Sources */,
				4D89480F2BE77C4600C9499B /* MypageTableViewCell.swift in Sources */,
				4D22C8302BE0D49E002FCF5A /* BookData.swift in Sources */,
				4D22C8322BE0DD7F002FCF5A /* RecentlyViewedCollectionViewCell.swift in Sources */,
				4D22C8342BE0DDBE002FCF5A /* BookCollectionViewCell.swift in Sources */,
				4D22C8122BE0CACF002FCF5A /* BookSearch.xcdatamodeld in Sources */,
				4D22C8382BE2463A002FCF5A /* HeaderView.swift in Sources */,
				4D22C80C2BE0CACF002FCF5A /* SearchViewController.swift in Sources */,
				4D22C8252BE0CDDD002FCF5A /* NetworkingManager.swift in Sources */,
				4D22C8082BE0CACF002FCF5A /* AppDelegate.swift in Sources */,
				4D22C80A2BE0CACF002FCF5A /* SceneDelegate.swift in Sources */,
			);
			runOnlyForDeploymentPostprocessing = 0;
		};
/* End PBXSourcesBuildPhase section */

/* Begin PBXVariantGroup section */
		4D22C80D2BE0CACF002FCF5A /* Main.storyboard */ = {
			isa = PBXVariantGroup;
			children = (
				4D22C80E2BE0CACF002FCF5A /* Base */,
			);
			name = Main.storyboard;
			sourceTree = "<group>";
		};
		4D22C8152BE0CAD1002FCF5A /* LaunchScreen.storyboard */ = {
			isa = PBXVariantGroup;
			children = (
				4D22C8162BE0CAD1002FCF5A /* Base */,
			);
			name = LaunchScreen.storyboard;
			sourceTree = "<group>";
		};
/* End PBXVariantGroup section */

/* Begin XCBuildConfiguration section */
		4D22C8192BE0CAD1002FCF5A /* Debug */ = {
			isa = XCBuildConfiguration;
			buildSettings = {
				ALWAYS_SEARCH_USER_PATHS = NO;
				ASSETCATALOG_COMPILER_GENERATE_SWIFT_ASSET_SYMBOL_EXTENSIONS = YES;
				CLANG_ANALYZER_NONNULL = YES;
				CLANG_ANALYZER_NUMBER_OBJECT_CONVERSION = YES_AGGRESSIVE;
				CLANG_CXX_LANGUAGE_STANDARD = "gnu++20";
				CLANG_ENABLE_MODULES = YES;
				CLANG_ENABLE_OBJC_ARC = YES;
				CLANG_ENABLE_OBJC_WEAK = YES;
				CLANG_WARN_BLOCK_CAPTURE_AUTORELEASING = YES;
				CLANG_WARN_BOOL_CONVERSION = YES;
				CLANG_WARN_COMMA = YES;
				CLANG_WARN_CONSTANT_CONVERSION = YES;
				CLANG_WARN_DEPRECATED_OBJC_IMPLEMENTATIONS = YES;
				CLANG_WARN_DIRECT_OBJC_ISA_USAGE = YES_ERROR;
				CLANG_WARN_DOCUMENTATION_COMMENTS = YES;
				CLANG_WARN_EMPTY_BODY = YES;
				CLANG_WARN_ENUM_CONVERSION = YES;
				CLANG_WARN_INFINITE_RECURSION = YES;
				CLANG_WARN_INT_CONVERSION = YES;
				CLANG_WARN_NON_LITERAL_NULL_CONVERSION = YES;
				CLANG_WARN_OBJC_IMPLICIT_RETAIN_SELF = YES;
				CLANG_WARN_OBJC_LITERAL_CONVERSION = YES;
				CLANG_WARN_OBJC_ROOT_CLASS = YES_ERROR;
				CLANG_WARN_QUOTED_INCLUDE_IN_FRAMEWORK_HEADER = YES;
				CLANG_WARN_RANGE_LOOP_ANALYSIS = YES;
				CLANG_WARN_STRICT_PROTOTYPES = YES;
				CLANG_WARN_SUSPICIOUS_MOVE = YES;
				CLANG_WARN_UNGUARDED_AVAILABILITY = YES_AGGRESSIVE;
				CLANG_WARN_UNREACHABLE_CODE = YES;
				CLANG_WARN__DUPLICATE_METHOD_MATCH = YES;
				COPY_PHASE_STRIP = NO;
				DEBUG_INFORMATION_FORMAT = dwarf;
				ENABLE_STRICT_OBJC_MSGSEND = YES;
				ENABLE_TESTABILITY = YES;
				ENABLE_USER_SCRIPT_SANDBOXING = YES;
				GCC_C_LANGUAGE_STANDARD = gnu17;
				GCC_DYNAMIC_NO_PIC = NO;
				GCC_NO_COMMON_BLOCKS = YES;
				GCC_OPTIMIZATION_LEVEL = 0;
				GCC_PREPROCESSOR_DEFINITIONS = (
					"DEBUG=1",
					"$(inherited)",
				);
				GCC_WARN_64_TO_32_BIT_CONVERSION = YES;
				GCC_WARN_ABOUT_RETURN_TYPE = YES_ERROR;
				GCC_WARN_UNDECLARED_SELECTOR = YES;
				GCC_WARN_UNINITIALIZED_AUTOS = YES_AGGRESSIVE;
				GCC_WARN_UNUSED_FUNCTION = YES;
				GCC_WARN_UNUSED_VARIABLE = YES;
				IPHONEOS_DEPLOYMENT_TARGET = 17.4;
				LOCALIZATION_PREFERS_STRING_CATALOGS = YES;
				MTL_ENABLE_DEBUG_INFO = INCLUDE_SOURCE;
				MTL_FAST_MATH = YES;
				ONLY_ACTIVE_ARCH = YES;
				SDKROOT = iphoneos;
				SWIFT_ACTIVE_COMPILATION_CONDITIONS = "DEBUG $(inherited)";
				SWIFT_OPTIMIZATION_LEVEL = "-Onone";
			};
			name = Debug;
		};
		4D22C81A2BE0CAD1002FCF5A /* Release */ = {
			isa = XCBuildConfiguration;
			buildSettings = {
				ALWAYS_SEARCH_USER_PATHS = NO;
				ASSETCATALOG_COMPILER_GENERATE_SWIFT_ASSET_SYMBOL_EXTENSIONS = YES;
				CLANG_ANALYZER_NONNULL = YES;
				CLANG_ANALYZER_NUMBER_OBJECT_CONVERSION = YES_AGGRESSIVE;
				CLANG_CXX_LANGUAGE_STANDARD = "gnu++20";
				CLANG_ENABLE_MODULES = YES;
				CLANG_ENABLE_OBJC_ARC = YES;
				CLANG_ENABLE_OBJC_WEAK = YES;
				CLANG_WARN_BLOCK_CAPTURE_AUTORELEASING = YES;
				CLANG_WARN_BOOL_CONVERSION = YES;
				CLANG_WARN_COMMA = YES;
				CLANG_WARN_CONSTANT_CONVERSION = YES;
				CLANG_WARN_DEPRECATED_OBJC_IMPLEMENTATIONS = YES;
				CLANG_WARN_DIRECT_OBJC_ISA_USAGE = YES_ERROR;
				CLANG_WARN_DOCUMENTATION_COMMENTS = YES;
				CLANG_WARN_EMPTY_BODY = YES;
				CLANG_WARN_ENUM_CONVERSION = YES;
				CLANG_WARN_INFINITE_RECURSION = YES;
				CLANG_WARN_INT_CONVERSION = YES;
				CLANG_WARN_NON_LITERAL_NULL_CONVERSION = YES;
				CLANG_WARN_OBJC_IMPLICIT_RETAIN_SELF = YES;
				CLANG_WARN_OBJC_LITERAL_CONVERSION = YES;
				CLANG_WARN_OBJC_ROOT_CLASS = YES_ERROR;
				CLANG_WARN_QUOTED_INCLUDE_IN_FRAMEWORK_HEADER = YES;
				CLANG_WARN_RANGE_LOOP_ANALYSIS = YES;
				CLANG_WARN_STRICT_PROTOTYPES = YES;
				CLANG_WARN_SUSPICIOUS_MOVE = YES;
				CLANG_WARN_UNGUARDED_AVAILABILITY = YES_AGGRESSIVE;
				CLANG_WARN_UNREACHABLE_CODE = YES;
				CLANG_WARN__DUPLICATE_METHOD_MATCH = YES;
				COPY_PHASE_STRIP = NO;
				DEBUG_INFORMATION_FORMAT = "dwarf-with-dsym";
				ENABLE_NS_ASSERTIONS = NO;
				ENABLE_STRICT_OBJC_MSGSEND = YES;
				ENABLE_USER_SCRIPT_SANDBOXING = YES;
				GCC_C_LANGUAGE_STANDARD = gnu17;
				GCC_NO_COMMON_BLOCKS = YES;
				GCC_WARN_64_TO_32_BIT_CONVERSION = YES;
				GCC_WARN_ABOUT_RETURN_TYPE = YES_ERROR;
				GCC_WARN_UNDECLARED_SELECTOR = YES;
				GCC_WARN_UNINITIALIZED_AUTOS = YES_AGGRESSIVE;
				GCC_WARN_UNUSED_FUNCTION = YES;
				GCC_WARN_UNUSED_VARIABLE = YES;
				IPHONEOS_DEPLOYMENT_TARGET = 17.4;
				LOCALIZATION_PREFERS_STRING_CATALOGS = YES;
				MTL_ENABLE_DEBUG_INFO = NO;
				MTL_FAST_MATH = YES;
				SDKROOT = iphoneos;
				SWIFT_COMPILATION_MODE = wholemodule;
				VALIDATE_PRODUCT = YES;
			};
			name = Release;
		};
		4D22C81C2BE0CAD1002FCF5A /* Debug */ = {
			isa = XCBuildConfiguration;
			buildSettings = {
				ASSETCATALOG_COMPILER_APPICON_NAME = AppIcon;
				ASSETCATALOG_COMPILER_GLOBAL_ACCENT_COLOR_NAME = AccentColor;
				CODE_SIGN_STYLE = Automatic;
				CURRENT_PROJECT_VERSION = 1;
				GENERATE_INFOPLIST_FILE = YES;
				INFOPLIST_FILE = BookSearch/Info.plist;
				INFOPLIST_KEY_UIApplicationSupportsIndirectInputEvents = YES;
				INFOPLIST_KEY_UILaunchStoryboardName = LaunchScreen;
				INFOPLIST_KEY_UIMainStoryboardFile = Main;
				INFOPLIST_KEY_UISupportedInterfaceOrientations_iPad = "UIInterfaceOrientationPortrait UIInterfaceOrientationPortraitUpsideDown UIInterfaceOrientationLandscapeLeft UIInterfaceOrientationLandscapeRight";
				INFOPLIST_KEY_UISupportedInterfaceOrientations_iPhone = "UIInterfaceOrientationPortrait UIInterfaceOrientationLandscapeLeft UIInterfaceOrientationLandscapeRight";
				IPHONEOS_DEPLOYMENT_TARGET = 15.0;
				LD_RUNPATH_SEARCH_PATHS = (
					"$(inherited)",
					"@executable_path/Frameworks",
				);
				MARKETING_VERSION = 1.0;
				PRODUCT_BUNDLE_IDENTIFIER = com.sj.BookSearch;
				PRODUCT_NAME = "$(TARGET_NAME)";
				SWIFT_EMIT_LOC_STRINGS = YES;
				SWIFT_VERSION = 5.0;
				TARGETED_DEVICE_FAMILY = "1,2";
			};
			name = Debug;
		};
		4D22C81D2BE0CAD1002FCF5A /* Release */ = {
			isa = XCBuildConfiguration;
			buildSettings = {
				ASSETCATALOG_COMPILER_APPICON_NAME = AppIcon;
				ASSETCATALOG_COMPILER_GLOBAL_ACCENT_COLOR_NAME = AccentColor;
				CODE_SIGN_STYLE = Automatic;
				CURRENT_PROJECT_VERSION = 1;
				GENERATE_INFOPLIST_FILE = YES;
				INFOPLIST_FILE = BookSearch/Info.plist;
				INFOPLIST_KEY_UIApplicationSupportsIndirectInputEvents = YES;
				INFOPLIST_KEY_UILaunchStoryboardName = LaunchScreen;
				INFOPLIST_KEY_UIMainStoryboardFile = Main;
				INFOPLIST_KEY_UISupportedInterfaceOrientations_iPad = "UIInterfaceOrientationPortrait UIInterfaceOrientationPortraitUpsideDown UIInterfaceOrientationLandscapeLeft UIInterfaceOrientationLandscapeRight";
				INFOPLIST_KEY_UISupportedInterfaceOrientations_iPhone = "UIInterfaceOrientationPortrait UIInterfaceOrientationLandscapeLeft UIInterfaceOrientationLandscapeRight";
				IPHONEOS_DEPLOYMENT_TARGET = 15.0;
				LD_RUNPATH_SEARCH_PATHS = (
					"$(inherited)",
					"@executable_path/Frameworks",
				);
				MARKETING_VERSION = 1.0;
				PRODUCT_BUNDLE_IDENTIFIER = com.sj.BookSearch;
				PRODUCT_NAME = "$(TARGET_NAME)";
				SWIFT_EMIT_LOC_STRINGS = YES;
				SWIFT_VERSION = 5.0;
				TARGETED_DEVICE_FAMILY = "1,2";
			};
			name = Release;
		};
/* End XCBuildConfiguration section */

/* Begin XCConfigurationList section */
		4D22C7FF2BE0CACF002FCF5A /* Build configuration list for PBXProject "BookSearch" */ = {
			isa = XCConfigurationList;
			buildConfigurations = (
				4D22C8192BE0CAD1002FCF5A /* Debug */,
				4D22C81A2BE0CAD1002FCF5A /* Release */,
			);
			defaultConfigurationIsVisible = 0;
			defaultConfigurationName = Release;
		};
		4D22C81B2BE0CAD1002FCF5A /* Build configuration list for PBXNativeTarget "BookSearch" */ = {
			isa = XCConfigurationList;
			buildConfigurations = (
				4D22C81C2BE0CAD1002FCF5A /* Debug */,
				4D22C81D2BE0CAD1002FCF5A /* Release */,
			);
			defaultConfigurationIsVisible = 0;
			defaultConfigurationName = Release;
		};
/* End XCConfigurationList section */

/* Begin XCRemoteSwiftPackageReference section */
		4D22C8262BE0D467002FCF5A /* XCRemoteSwiftPackageReference "Alamofire" */ = {
			isa = XCRemoteSwiftPackageReference;
			repositoryURL = "https://github.com/Alamofire/Alamofire.git";
			requirement = {
				kind = upToNextMajorVersion;
				minimumVersion = 5.9.1;
			};
		};
		4D22C8292BE0D474002FCF5A /* XCRemoteSwiftPackageReference "Kingfisher" */ = {
			isa = XCRemoteSwiftPackageReference;
			repositoryURL = "https://github.com/onevcat/Kingfisher.git";
			requirement = {
				kind = upToNextMajorVersion;
				minimumVersion = 7.11.0;
			};
		};
		4D22C82C2BE0D481002FCF5A /* XCRemoteSwiftPackageReference "SnapKit" */ = {
			isa = XCRemoteSwiftPackageReference;
			repositoryURL = "https://github.com/SnapKit/SnapKit.git";
			requirement = {
				kind = upToNextMajorVersion;
				minimumVersion = 5.7.1;
			};
		};
		4D89480B2BE5FC4500C9499B /* XCRemoteSwiftPackageReference "JJFloatingActionButton" */ = {
			isa = XCRemoteSwiftPackageReference;
			repositoryURL = "https://github.com/jjochen/JJFloatingActionButton";
			requirement = {
				kind = upToNextMajorVersion;
				minimumVersion = 3.0.1;
			};
		};
/* End XCRemoteSwiftPackageReference section */

/* Begin XCSwiftPackageProductDependency section */
		4D22C8272BE0D467002FCF5A /* Alamofire */ = {
			isa = XCSwiftPackageProductDependency;
			package = 4D22C8262BE0D467002FCF5A /* XCRemoteSwiftPackageReference "Alamofire" */;
			productName = Alamofire;
		};
		4D22C82A2BE0D474002FCF5A /* Kingfisher */ = {
			isa = XCSwiftPackageProductDependency;
			package = 4D22C8292BE0D474002FCF5A /* XCRemoteSwiftPackageReference "Kingfisher" */;
			productName = Kingfisher;
		};
		4D22C82D2BE0D481002FCF5A /* SnapKit */ = {
			isa = XCSwiftPackageProductDependency;
			package = 4D22C82C2BE0D481002FCF5A /* XCRemoteSwiftPackageReference "SnapKit" */;
			productName = SnapKit;
		};
		4D89480C2BE5FC4500C9499B /* JJFloatingActionButton */ = {
			isa = XCSwiftPackageProductDependency;
			package = 4D89480B2BE5FC4500C9499B /* XCRemoteSwiftPackageReference "JJFloatingActionButton" */;
			productName = JJFloatingActionButton;
		};
/* End XCSwiftPackageProductDependency section */

/* Begin XCVersionGroup section */
		4D22C8102BE0CACF002FCF5A /* BookSearch.xcdatamodeld */ = {
			isa = XCVersionGroup;
			children = (
				4D22C8112BE0CACF002FCF5A /* BookSearch.xcdatamodel */,
			);
			currentVersion = 4D22C8112BE0CACF002FCF5A /* BookSearch.xcdatamodel */;
			path = BookSearch.xcdatamodeld;
			sourceTree = "<group>";
			versionGroupType = wrapper.xcdatamodel;
		};
/* End XCVersionGroup section */
	};
	rootObject = 4D22C7FC2BE0CACF002FCF5A /* Project object */;
}
